
Microsoft Visual Studio Solution File, Format Version 12.00
# Visual Studio Version 17
VisualStudioVersion = 17.9.34723.18
MinimumVisualStudioVersion = 10.0.40219.1
Project("{FAE04EC0-301F-11D3-BF4B-00C04F79EFBC}") = "SimpleFileBrowser", "SimpleFileBrowser.csproj", "{6DB0A4C2-787A-4452-85D6-1EBBA5C6B534}"
EndProject
Global
	GlobalSection(SolutionConfigurationPlatforms) = preSolution
		Debug|Any CPU = Debug|Any CPU
		Release|Any CPU = Release|Any CPU
	EndGlobalSection
	GlobalSection(ProjectConfigurationPlatforms) = postSolution
		{6DB0A4C2-787A-4452-85D6-1EBBA5C6B534}.Debug|Any CPU.ActiveCfg = Debug|Any CPU
		{6DB0A4C2-787A-4452-85D6-1EBBA5C6B534}.Debug|Any CPU.Build.0 = Debug|Any CPU
		{6DB0A4C2-787A-4452-85D6-1EBBA5C6B534}.Release|Any CPU.ActiveCfg = Release|Any CPU
		{6DB0A4C2-787A-4452-85D6-1EBBA5C6B534}.Release|Any CPU.Build.0 = Release|Any CPU
	EndGlobalSection
	GlobalSection(SolutionProperties) = preSolution
		HideSolutionNode = FALSE
	EndGlobalSection
	GlobalSection(ExtensibilityGlobals) = postSolution
		SolutionGuid = {FFF2E1BE-82E5-4E71-B7C3-11182DEAFBC8}
	EndGlobalSection
EndGlobal
