
Microsoft Visual Studio Solution File, Format Version 12.00
# Visual Studio Version 17
VisualStudioVersion = 17.9.34723.18
MinimumVisualStudioVersion = 10.0.40219.1
Project("{FAE04EC0-301F-11D3-BF4B-00C04F79EFBC}") = "FileBrowser", "FileBrowser.csproj", "{A15A4B5D-7A7F-426F-B4EA-0CCD2FE735F7}"
EndProject
Global
	GlobalSection(SolutionConfigurationPlatforms) = preSolution
		Debug|Any CPU = Debug|Any CPU
		Release|Any CPU = Release|Any CPU
	EndGlobalSection
	GlobalSection(ProjectConfigurationPlatforms) = postSolution
		{A15A4B5D-7A7F-426F-B4EA-0CCD2FE735F7}.Debug|Any CPU.ActiveCfg = Debug|Any CPU
		{A15A4B5D-7A7F-426F-B4EA-0CCD2FE735F7}.Debug|Any CPU.Build.0 = Debug|Any CPU
		{A15A4B5D-7A7F-426F-B4EA-0CCD2FE735F7}.Release|Any CPU.ActiveCfg = Release|Any CPU
		{A15A4B5D-7A7F-426F-B4EA-0CCD2FE735F7}.Release|Any CPU.Build.0 = Release|Any CPU
	EndGlobalSection
	GlobalSection(SolutionProperties) = preSolution
		HideSolutionNode = FALSE
	EndGlobalSection
	GlobalSection(ExtensibilityGlobals) = postSolution
		SolutionGuid = {3705DA02-15DE-4AD4-8710-25C0E2D950B1}
	EndGlobalSection
EndGlobal
