
Microsoft Visual Studio Solution File, Format Version 12.00
# Visual Studio Version 17
VisualStudioVersion = 17.9.34723.18
MinimumVisualStudioVersion = 10.0.40219.1
Project("{FAE04EC0-301F-11D3-BF4B-00C04F79EFBC}") = "StufentManagementSystem", "StufentManagementSystem.csproj", "{183318C4-C670-48BA-A6F1-D2EE41062BBC}"
EndProject
Global
	GlobalSection(SolutionConfigurationPlatforms) = preSolution
		Debug|Any CPU = Debug|Any CPU
		Release|Any CPU = Release|Any CPU
	EndGlobalSection
	GlobalSection(ProjectConfigurationPlatforms) = postSolution
		{183318C4-C670-48BA-A6F1-D2EE41062BBC}.Debug|Any CPU.ActiveCfg = Debug|Any CPU
		{183318C4-C670-48BA-A6F1-D2EE41062BBC}.Debug|Any CPU.Build.0 = Debug|Any CPU
		{183318C4-C670-48BA-A6F1-D2EE41062BBC}.Release|Any CPU.ActiveCfg = Release|Any CPU
		{183318C4-C670-48BA-A6F1-D2EE41062BBC}.Release|Any CPU.Build.0 = Release|Any CPU
	EndGlobalSection
	GlobalSection(SolutionProperties) = preSolution
		HideSolutionNode = FALSE
	EndGlobalSection
	GlobalSection(ExtensibilityGlobals) = postSolution
		SolutionGuid = {77190173-9A4E-44A9-86A7-8E736721A1A9}
	EndGlobalSection
EndGlobal
